
Microsoft Visual Studio Solution File, Format Version 12.00
# Visual Studio Version 17
VisualStudioVersion = 17.11.35303.130
MinimumVisualStudioVersion = 10.0.40219.1
Project("{FAE04EC0-301F-11D3-BF4B-00C04F79EFBC}") = "CapacitacionWebApi", "CapacitacionWebApi\CapacitacionWebApi.csproj", "{8BCEB1A5-0DD1-4753-BECF-F0FCFE4EAE21}"
EndProject
Global
	GlobalSection(SolutionConfigurationPlatforms) = preSolution
		Debug|Any CPU = Debug|Any CPU
		Release|Any CPU = Release|Any CPU
	EndGlobalSection
	GlobalSection(ProjectConfigurationPlatforms) = postSolution
		{8BCEB1A5-0DD1-4753-BECF-F0FCFE4EAE21}.Debug|Any CPU.ActiveCfg = Debug|Any CPU
		{8BCEB1A5-0DD1-4753-BECF-F0FCFE4EAE21}.Debug|Any CPU.Build.0 = Debug|Any CPU
		{8BCEB1A5-0DD1-4753-BECF-F0FCFE4EAE21}.Release|Any CPU.ActiveCfg = Release|Any CPU
		{8BCEB1A5-0DD1-4753-BECF-F0FCFE4EAE21}.Release|Any CPU.Build.0 = Release|Any CPU
	EndGlobalSection
	GlobalSection(SolutionProperties) = preSolution
		HideSolutionNode = FALSE
	EndGlobalSection
	GlobalSection(ExtensibilityGlobals) = postSolution
		SolutionGuid = {E1D68C31-FD95-4F4F-87DF-1C42DD9FB038}
	EndGlobalSection
EndGlobal
